
Microsoft Visual Studio Solution File, Format Version 12.00
# Visual Studio Version 16
VisualStudioVersion = 16.0.31605.320
MinimumVisualStudioVersion = 10.0.40219.1
Project("{FAE04EC0-301F-11D3-BF4B-00C04F79EFBC}") = "TechnicalRequest", "TechnicalRequest\TechnicalRequest.csproj", "{11F13AEC-5B8A-45C8-A429-CF4623AE8857}"
EndProject
Global
	GlobalSection(SolutionConfigurationPlatforms) = preSolution
		Debug|Any CPU = Debug|Any CPU
		Release|Any CPU = Release|Any CPU
	EndGlobalSection
	GlobalSection(ProjectConfigurationPlatforms) = postSolution
		{11F13AEC-5B8A-45C8-A429-CF4623AE8857}.Debug|Any CPU.ActiveCfg = Debug|Any CPU
		{11F13AEC-5B8A-45C8-A429-CF4623AE8857}.Debug|Any CPU.Build.0 = Debug|Any CPU
		{11F13AEC-5B8A-45C8-A429-CF4623AE8857}.Release|Any CPU.ActiveCfg = Release|Any CPU
		{11F13AEC-5B8A-45C8-A429-CF4623AE8857}.Release|Any CPU.Build.0 = Release|Any CPU
	EndGlobalSection
	GlobalSection(SolutionProperties) = preSolution
		HideSolutionNode = FALSE
	EndGlobalSection
	GlobalSection(ExtensibilityGlobals) = postSolution
		SolutionGuid = {F2BD0E00-BB4C-4D4A-AB44-CF54A6CB139B}
	EndGlobalSection
EndGlobal
